{
  "pins" : [
    {
      "identity" : "filesystemdependency",
      "kind" : "remoteSourceControl",
      "location" : "https://github.com/Gabardone/FileSystemDependency.git",
      "state" : {
        "revision" : "47f6e3b71bc698457538e9e513dcd9a37408ec96",
        "version" : "1.0.0"
      }
    },
    {
      "identity" : "globaldependencies",
      "kind" : "remoteSourceControl",
      "location" : "https://github.com/Gabardone/GlobalDependencies",
      "state" : {
        "revision" : "088429933d5fc52a42f6f7bd820ae7e6c3d79981",
        "version" : "2.0.0"
      }
    },
    {
      "identity" : "networkdependency",
      "kind" : "remoteSourceControl",
      "location" : "https://github.com/Gabardone/NetworkDependency.git",
      "state" : {
        "revision" : "63188a6884d5247c1ad07bdc9d49463745b16581",
        "version" : "4.0.0"
      }
    },
    {
      "identity" : "swift-syntax",
      "kind" : "remoteSourceControl",
      "location" : "https://github.com/apple/swift-syntax.git",
      "state" : {
        "revision" : "64889f0c732f210a935a0ad7cda38f77f876262d",
        "version" : "509.1.1"
      }
    }
  ],
  "version" : 2
}
