{
  "pins" : [
    {
      "identity" : "globaldependencies",
      "kind" : "remoteSourceControl",
      "location" : "https://github.com/Gabardone/GlobalDependencies",
      "state" : {
        "revision" : "dca8fb31eb9d6efc42b454aa4a5ea812d7d74c23",
        "version" : "2.0.0"
      }
    },
    {
      "identity" : "networkdependency",
      "kind" : "remoteSourceControl",
      "location" : "https://github.com/Gabardone/NetworkDependency.git",
      "state" : {
        "revision" : "3d9b7c28594f118b0b61d07842e161c06b8ba906",
        "version" : "2.0.0"
      }
    }
  ],
  "version" : 2
}
